
Microsoft Visual Studio Solution File, Format Version 12.00
# Visual Studio Version 17
VisualStudioVersion = 17.5.002.0
MinimumVisualStudioVersion = 10.0.40219.1
Project("{2150E333-8FDC-42A3-9474-1A3956D46DE8}") = "src", "src", "{16877C7E-AC8E-481E-8103-956D05FAE749}"
EndProject
Project("{9A19103F-16F7-4668-BE54-9A1E7A4F7556}") = "Play.Inventory.Contracts", "src\Play.Inventory.Contracts\Play.Inventory.Contracts.csproj", "{42D6243D-1A40-434D-BECE-A0DAC50FC2C0}"
EndProject
Project("{9A19103F-16F7-4668-BE54-9A1E7A4F7556}") = "Play.Inventory.Service", "src\Play.Inventory.Service\Play.Inventory.Service.csproj", "{F3F15182-D110-41B0-B2AF-99F211AE6F39}"
EndProject
Global
	GlobalSection(SolutionConfigurationPlatforms) = preSolution
		Debug|Any CPU = Debug|Any CPU
		Release|Any CPU = Release|Any CPU
	EndGlobalSection
	GlobalSection(ProjectConfigurationPlatforms) = postSolution
		{42D6243D-1A40-434D-BECE-A0DAC50FC2C0}.Debug|Any CPU.ActiveCfg = Debug|Any CPU
		{42D6243D-1A40-434D-BECE-A0DAC50FC2C0}.Debug|Any CPU.Build.0 = Debug|Any CPU
		{42D6243D-1A40-434D-BECE-A0DAC50FC2C0}.Release|Any CPU.ActiveCfg = Release|Any CPU
		{42D6243D-1A40-434D-BECE-A0DAC50FC2C0}.Release|Any CPU.Build.0 = Release|Any CPU
		{F3F15182-D110-41B0-B2AF-99F211AE6F39}.Debug|Any CPU.ActiveCfg = Debug|Any CPU
		{F3F15182-D110-41B0-B2AF-99F211AE6F39}.Debug|Any CPU.Build.0 = Debug|Any CPU
		{F3F15182-D110-41B0-B2AF-99F211AE6F39}.Release|Any CPU.ActiveCfg = Release|Any CPU
		{F3F15182-D110-41B0-B2AF-99F211AE6F39}.Release|Any CPU.Build.0 = Release|Any CPU
	EndGlobalSection
	GlobalSection(SolutionProperties) = preSolution
		HideSolutionNode = FALSE
	EndGlobalSection
	GlobalSection(NestedProjects) = preSolution
		{42D6243D-1A40-434D-BECE-A0DAC50FC2C0} = {16877C7E-AC8E-481E-8103-956D05FAE749}
		{F3F15182-D110-41B0-B2AF-99F211AE6F39} = {16877C7E-AC8E-481E-8103-956D05FAE749}
	EndGlobalSection
	GlobalSection(ExtensibilityGlobals) = postSolution
		SolutionGuid = {45B69315-1D0E-4F94-9617-F6BCCE900893}
	EndGlobalSection
EndGlobal
